
Terraform used the selected providers to generate the following execution
plan. Resource actions are indicated with the following symbols:
  [32m+[0m create[0m
 [36m<=[0m read (data resources)[0m

Terraform will perform the following actions:

[1m  # module.aws.module.compute.aws_instance.example_server[0m will be created
[0m  [32m+[0m[0m resource "aws_instance" "example_server" {
      [32m+[0m[0m ami                                  = "ami-02b8269d5e85954ef"
      [32m+[0m[0m arn                                  = (known after apply)
      [32m+[0m[0m associate_public_ip_address          = (known after apply)
      [32m+[0m[0m availability_zone                    = (known after apply)
      [32m+[0m[0m disable_api_stop                     = (known after apply)
      [32m+[0m[0m disable_api_termination              = (known after apply)
      [32m+[0m[0m ebs_optimized                        = (known after apply)
      [32m+[0m[0m enable_primary_ipv6                  = (known after apply)
      [32m+[0m[0m force_destroy                        = false
      [32m+[0m[0m get_password_data                    = false
      [32m+[0m[0m host_id                              = (known after apply)
      [32m+[0m[0m host_resource_group_arn              = (known after apply)
      [32m+[0m[0m iam_instance_profile                 = (known after apply)
      [32m+[0m[0m id                                   = (known after apply)
      [32m+[0m[0m instance_initiated_shutdown_behavior = (known after apply)
      [32m+[0m[0m instance_lifecycle                   = (known after apply)
      [32m+[0m[0m instance_state                       = (known after apply)
      [32m+[0m[0m instance_type                        = "t3.micro"
      [32m+[0m[0m ipv6_address_count                   = (known after apply)
      [32m+[0m[0m ipv6_addresses                       = (known after apply)
      [32m+[0m[0m key_name                             = "DB_Server_Key"
      [32m+[0m[0m monitoring                           = (known after apply)
      [32m+[0m[0m outpost_arn                          = (known after apply)
      [32m+[0m[0m password_data                        = (known after apply)
      [32m+[0m[0m placement_group                      = (known after apply)
      [32m+[0m[0m placement_group_id                   = (known after apply)
      [32m+[0m[0m placement_partition_number           = (known after apply)
      [32m+[0m[0m primary_network_interface_id         = (known after apply)
      [32m+[0m[0m private_dns                          = (known after apply)
      [32m+[0m[0m private_ip                           = (known after apply)
      [32m+[0m[0m public_dns                           = (known after apply)
      [32m+[0m[0m public_ip                            = (known after apply)
      [32m+[0m[0m region                               = "ap-south-1"
      [32m+[0m[0m secondary_private_ips                = (known after apply)
      [32m+[0m[0m security_groups                      = (known after apply)
      [32m+[0m[0m source_dest_check                    = true
      [32m+[0m[0m spot_instance_request_id             = (known after apply)
      [32m+[0m[0m subnet_id                            = (known after apply)
      [32m+[0m[0m tags                                 = {
          [32m+[0m[0m "Name" = "Private VM Database"
        }
      [32m+[0m[0m tags_all                             = {
          [32m+[0m[0m "Name" = "Private VM Database"
        }
      [32m+[0m[0m tenancy                              = (known after apply)
      [32m+[0m[0m user_data_base64                     = (known after apply)
      [32m+[0m[0m user_data_replace_on_change          = false
      [32m+[0m[0m vpc_security_group_ids               = (known after apply)

      [32m+[0m[0m capacity_reservation_specification (known after apply)

      [32m+[0m[0m cpu_options (known after apply)

      [32m+[0m[0m ebs_block_device (known after apply)

      [32m+[0m[0m enclave_options (known after apply)

      [32m+[0m[0m ephemeral_block_device (known after apply)

      [32m+[0m[0m instance_market_options (known after apply)

      [32m+[0m[0m maintenance_options (known after apply)

      [32m+[0m[0m metadata_options (known after apply)

      [32m+[0m[0m network_interface (known after apply)

      [32m+[0m[0m primary_network_interface (known after apply)

      [32m+[0m[0m private_dns_name_options (known after apply)

      [32m+[0m[0m root_block_device (known after apply)
    }

[1m  # module.aws.module.compute.aws_key_pair.example_key[0m will be created
[0m  [32m+[0m[0m resource "aws_key_pair" "example_key" {
      [32m+[0m[0m arn             = (known after apply)
      [32m+[0m[0m fingerprint     = (known after apply)
      [32m+[0m[0m id              = (known after apply)
      [32m+[0m[0m key_name        = "DB_Server_Key"
      [32m+[0m[0m key_name_prefix = (known after apply)
      [32m+[0m[0m key_pair_id     = (known after apply)
      [32m+[0m[0m key_type        = (known after apply)
      [32m+[0m[0m public_key      = "ssh-rsa AAAAB3NzaC1yc2EAAAADAQABAAABAQCzWhL3yERGLo55aaJjtDe2tiYsN+Re7j15to+l9jKTTn4c7soq9oSs2XyMh2mIW4HapgzSoH8WTRBQ8cfXmAuirx4dlQx26XXLGH9bPtuZHIKfKcA5LxXsKIe3lEv7xseB5vNxp4rXuvVGyAHVAmCG5PDHAkyU+h4WJAFM5hOlcX/S6fjBJ0ix3yE0t5Cq9uGgPcICEmsDRsJdqlMltHgCi+EyDJWctWCg4S4PJ/HE0thD6Dm2fPiYQmI5XjXKlovTz6meywv872xBYG0ciCbcWswTqVfOdCv9kftd9y4OEWB9TUjvNpG8NVV7hrX9tCxbZVesWn+3lrjKU1ctKFs3"
      [32m+[0m[0m region          = "ap-south-1"
      [32m+[0m[0m tags_all        = (known after apply)
    }

[1m  # module.aws.module.network.aws_customer_gateway.oci_cgw[0m will be created
[0m  [32m+[0m[0m resource "aws_customer_gateway" "oci_cgw" {
      [32m+[0m[0m arn        = (known after apply)
      [32m+[0m[0m bgp_asn    = "65000"
      [32m+[0m[0m id         = (known after apply)
      [32m+[0m[0m ip_address = (known after apply)
      [32m+[0m[0m region     = "ap-south-1"
      [32m+[0m[0m tags       = {
          [32m+[0m[0m "Name" = "OCI Customer Gateway"
        }
      [32m+[0m[0m tags_all   = {
          [32m+[0m[0m "Name" = "OCI Customer Gateway"
        }
      [32m+[0m[0m type       = "ipsec.1"
    }

[1m  # module.aws.module.network.aws_eip.cgw_eip[0m will be created
[0m  [32m+[0m[0m resource "aws_eip" "cgw_eip" {
      [32m+[0m[0m allocation_id        = (known after apply)
      [32m+[0m[0m arn                  = (known after apply)
      [32m+[0m[0m association_id       = (known after apply)
      [32m+[0m[0m carrier_ip           = (known after apply)
      [32m+[0m[0m customer_owned_ip    = (known after apply)
      [32m+[0m[0m domain               = "vpc"
      [32m+[0m[0m id                   = (known after apply)
      [32m+[0m[0m instance             = (known after apply)
      [32m+[0m[0m ipam_pool_id         = (known after apply)
      [32m+[0m[0m network_border_group = (known after apply)
      [32m+[0m[0m network_interface    = (known after apply)
      [32m+[0m[0m private_dns          = (known after apply)
      [32m+[0m[0m private_ip           = (known after apply)
      [32m+[0m[0m ptr_record           = (known after apply)
      [32m+[0m[0m public_dns           = (known after apply)
      [32m+[0m[0m public_ip            = (known after apply)
      [32m+[0m[0m public_ipv4_pool     = (known after apply)
      [32m+[0m[0m region               = "ap-south-1"
      [32m+[0m[0m tags                 = {
          [32m+[0m[0m "Name" = "OCI Customer Gateway Elastic IP"
        }
      [32m+[0m[0m tags_all             = {
          [32m+[0m[0m "Name" = "OCI Customer Gateway Elastic IP"
        }
    }

[1m  # module.aws.module.network.aws_internet_gateway.igw[0m will be created
[0m  [32m+[0m[0m resource "aws_internet_gateway" "igw" {
      [32m+[0m[0m arn      = (known after apply)
      [32m+[0m[0m id       = (known after apply)
      [32m+[0m[0m owner_id = (known after apply)
      [32m+[0m[0m region   = "ap-south-1"
      [32m+[0m[0m tags     = {
          [32m+[0m[0m "Name" = "Internet Gateway"
        }
      [32m+[0m[0m tags_all = {
          [32m+[0m[0m "Name" = "Internet Gateway"
        }
      [32m+[0m[0m vpc_id   = (known after apply)
    }

[1m  # module.aws.module.network.aws_route_table.private_rt[0m will be created
[0m  [32m+[0m[0m resource "aws_route_table" "private_rt" {
      [32m+[0m[0m arn              = (known after apply)
      [32m+[0m[0m id               = (known after apply)
      [32m+[0m[0m owner_id         = (known after apply)
      [32m+[0m[0m propagating_vgws = (known after apply)
      [32m+[0m[0m region           = "ap-south-1"
      [32m+[0m[0m route            = [
          [32m+[0m[0m {
              [32m+[0m[0m cidr_block                 = "10.0.0.0/16"
              [32m+[0m[0m gateway_id                 = (known after apply)
                [90m# (11 unchanged attributes hidden)[0m[0m
            },
        ]
      [32m+[0m[0m tags             = {
          [32m+[0m[0m "Name" = "Private Route Table"
        }
      [32m+[0m[0m tags_all         = {
          [32m+[0m[0m "Name" = "Private Route Table"
        }
      [32m+[0m[0m vpc_id           = (known after apply)
    }

[1m  # module.aws.module.network.aws_route_table.public_rt[0m will be created
[0m  [32m+[0m[0m resource "aws_route_table" "public_rt" {
      [32m+[0m[0m arn              = (known after apply)
      [32m+[0m[0m id               = (known after apply)
      [32m+[0m[0m owner_id         = (known after apply)
      [32m+[0m[0m propagating_vgws = (known after apply)
      [32m+[0m[0m region           = "ap-south-1"
      [32m+[0m[0m route            = [
          [32m+[0m[0m {
              [32m+[0m[0m cidr_block                 = "0.0.0.0/0"
              [32m+[0m[0m gateway_id                 = (known after apply)
                [90m# (11 unchanged attributes hidden)[0m[0m
            },
        ]
      [32m+[0m[0m tags             = {
          [32m+[0m[0m "Name" = "Public Route Table"
        }
      [32m+[0m[0m tags_all         = {
          [32m+[0m[0m "Name" = "Public Route Table"
        }
      [32m+[0m[0m vpc_id           = (known after apply)
    }

[1m  # module.aws.module.network.aws_route_table_association.private_assoc[0m will be created
[0m  [32m+[0m[0m resource "aws_route_table_association" "private_assoc" {
      [32m+[0m[0m id             = (known after apply)
      [32m+[0m[0m region         = "ap-south-1"
      [32m+[0m[0m route_table_id = (known after apply)
      [32m+[0m[0m subnet_id      = (known after apply)
    }

[1m  # module.aws.module.network.aws_route_table_association.public_assoc[0m will be created
[0m  [32m+[0m[0m resource "aws_route_table_association" "public_assoc" {
      [32m+[0m[0m id             = (known after apply)
      [32m+[0m[0m region         = "ap-south-1"
      [32m+[0m[0m route_table_id = (known after apply)
      [32m+[0m[0m subnet_id      = (known after apply)
    }

[1m  # module.aws.module.network.aws_security_group.main_sg[0m will be created
[0m  [32m+[0m[0m resource "aws_security_group" "main_sg" {
      [32m+[0m[0m arn                    = (known after apply)
      [32m+[0m[0m description            = "Managed by Terraform"
      [32m+[0m[0m egress                 = [
          [32m+[0m[0m {
              [32m+[0m[0m cidr_blocks      = [
                  [32m+[0m[0m "0.0.0.0/0",
                ]
              [32m+[0m[0m from_port        = 0
              [32m+[0m[0m ipv6_cidr_blocks = []
              [32m+[0m[0m prefix_list_ids  = []
              [32m+[0m[0m protocol         = "-1"
              [32m+[0m[0m security_groups  = []
              [32m+[0m[0m self             = false
              [32m+[0m[0m to_port          = 0
                [90m# (1 unchanged attribute hidden)[0m[0m
            },
        ]
      [32m+[0m[0m id                     = (known after apply)
      [32m+[0m[0m ingress                = [
          [32m+[0m[0m {
              [32m+[0m[0m cidr_blocks      = [
                  [32m+[0m[0m "0.0.0.0/0",
                ]
              [32m+[0m[0m from_port        = 0
              [32m+[0m[0m ipv6_cidr_blocks = []
              [32m+[0m[0m prefix_list_ids  = []
              [32m+[0m[0m protocol         = "-1"
              [32m+[0m[0m security_groups  = []
              [32m+[0m[0m self             = false
              [32m+[0m[0m to_port          = 0
                [90m# (1 unchanged attribute hidden)[0m[0m
            },
        ]
      [32m+[0m[0m name                   = "AWS Mumbai VPC Security Group"
      [32m+[0m[0m name_prefix            = (known after apply)
      [32m+[0m[0m owner_id               = (known after apply)
      [32m+[0m[0m region                 = "ap-south-1"
      [32m+[0m[0m revoke_rules_on_delete = false
      [32m+[0m[0m tags_all               = (known after apply)
      [32m+[0m[0m vpc_id                 = (known after apply)
    }

[1m  # module.aws.module.network.aws_subnet.private_subnet[0m will be created
[0m  [32m+[0m[0m resource "aws_subnet" "private_subnet" {
      [32m+[0m[0m arn                                            = (known after apply)
      [32m+[0m[0m assign_ipv6_address_on_creation                = false
      [32m+[0m[0m availability_zone                              = "ap-south-1a"
      [32m+[0m[0m availability_zone_id                           = (known after apply)
      [32m+[0m[0m cidr_block                                     = "192.168.1.0/24"
      [32m+[0m[0m enable_dns64                                   = false
      [32m+[0m[0m enable_resource_name_dns_a_record_on_launch    = false
      [32m+[0m[0m enable_resource_name_dns_aaaa_record_on_launch = false
      [32m+[0m[0m id                                             = (known after apply)
      [32m+[0m[0m ipv6_cidr_block_association_id                 = (known after apply)
      [32m+[0m[0m ipv6_native                                    = false
      [32m+[0m[0m map_public_ip_on_launch                        = false
      [32m+[0m[0m owner_id                                       = (known after apply)
      [32m+[0m[0m private_dns_hostname_type_on_launch            = (known after apply)
      [32m+[0m[0m region                                         = "ap-south-1"
      [32m+[0m[0m tags                                           = {
          [32m+[0m[0m "Name" = "Private Subnet"
        }
      [32m+[0m[0m tags_all                                       = {
          [32m+[0m[0m "Name" = "Private Subnet"
        }
      [32m+[0m[0m vpc_id                                         = (known after apply)
    }

[1m  # module.aws.module.network.aws_subnet.public_subnet[0m will be created
[0m  [32m+[0m[0m resource "aws_subnet" "public_subnet" {
      [32m+[0m[0m arn                                            = (known after apply)
      [32m+[0m[0m assign_ipv6_address_on_creation                = false
      [32m+[0m[0m availability_zone                              = "ap-south-1a"
      [32m+[0m[0m availability_zone_id                           = (known after apply)
      [32m+[0m[0m cidr_block                                     = "192.168.0.0/24"
      [32m+[0m[0m enable_dns64                                   = false
      [32m+[0m[0m enable_resource_name_dns_a_record_on_launch    = false
      [32m+[0m[0m enable_resource_name_dns_aaaa_record_on_launch = false
      [32m+[0m[0m id                                             = (known after apply)
      [32m+[0m[0m ipv6_cidr_block_association_id                 = (known after apply)
      [32m+[0m[0m ipv6_native                                    = false
      [32m+[0m[0m map_public_ip_on_launch                        = true
      [32m+[0m[0m owner_id                                       = (known after apply)
      [32m+[0m[0m private_dns_hostname_type_on_launch            = (known after apply)
      [32m+[0m[0m region                                         = "ap-south-1"
      [32m+[0m[0m tags                                           = {
          [32m+[0m[0m "Name" = "Public Subnet"
        }
      [32m+[0m[0m tags_all                                       = {
          [32m+[0m[0m "Name" = "Public Subnet"
        }
      [32m+[0m[0m vpc_id                                         = (known after apply)
    }

[1m  # module.aws.module.network.aws_vpc.main[0m will be created
[0m  [32m+[0m[0m resource "aws_vpc" "main" {
      [32m+[0m[0m arn                                  = (known after apply)
      [32m+[0m[0m cidr_block                           = "192.168.0.0/16"
      [32m+[0m[0m default_network_acl_id               = (known after apply)
      [32m+[0m[0m default_route_table_id               = (known after apply)
      [32m+[0m[0m default_security_group_id            = (known after apply)
      [32m+[0m[0m dhcp_options_id                      = (known after apply)
      [32m+[0m[0m enable_dns_hostnames                 = true
      [32m+[0m[0m enable_dns_support                   = true
      [32m+[0m[0m enable_network_address_usage_metrics = (known after apply)
      [32m+[0m[0m id                                   = (known after apply)
      [32m+[0m[0m instance_tenancy                     = "default"
      [32m+[0m[0m ipv6_association_id                  = (known after apply)
      [32m+[0m[0m ipv6_cidr_block                      = (known after apply)
      [32m+[0m[0m ipv6_cidr_block_network_border_group = (known after apply)
      [32m+[0m[0m main_route_table_id                  = (known after apply)
      [32m+[0m[0m owner_id                             = (known after apply)
      [32m+[0m[0m region                               = "ap-south-1"
      [32m+[0m[0m tags                                 = {
          [32m+[0m[0m "Name" = "AWS Mumbai VPC"
        }
      [32m+[0m[0m tags_all                             = {
          [32m+[0m[0m "Name" = "AWS Mumbai VPC"
        }
    }

[1m  # module.aws.module.network.aws_vpn_connection.aws_to_oci[0m will be created
[0m  [32m+[0m[0m resource "aws_vpn_connection" "aws_to_oci" {
      [32m+[0m[0m arn                            = (known after apply)
      [32m+[0m[0m core_network_arn               = (known after apply)
      [32m+[0m[0m core_network_attachment_arn    = (known after apply)
      [32m+[0m[0m customer_gateway_configuration = (sensitive value)
      [32m+[0m[0m customer_gateway_id            = (known after apply)
      [32m+[0m[0m enable_acceleration            = (known after apply)
      [32m+[0m[0m id                             = (known after apply)
      [32m+[0m[0m local_ipv4_network_cidr        = (known after apply)
      [32m+[0m[0m local_ipv6_network_cidr        = (known after apply)
      [32m+[0m[0m outside_ip_address_type        = (known after apply)
      [32m+[0m[0m preshared_key_arn              = (known after apply)
      [32m+[0m[0m preshared_key_storage          = (known after apply)
      [32m+[0m[0m region                         = "ap-south-1"
      [32m+[0m[0m remote_ipv4_network_cidr       = (known after apply)
      [32m+[0m[0m remote_ipv6_network_cidr       = (known after apply)
      [32m+[0m[0m routes                         = (known after apply)
      [32m+[0m[0m static_routes_only             = true
      [32m+[0m[0m tags                           = {
          [32m+[0m[0m "Name" = "AWS to OCI VPN Connection IpSec"
        }
      [32m+[0m[0m tags_all                       = {
          [32m+[0m[0m "Name" = "AWS to OCI VPN Connection IpSec"
        }
      [32m+[0m[0m transit_gateway_attachment_id  = (known after apply)
      [32m+[0m[0m tunnel1_address                = (known after apply)
      [32m+[0m[0m tunnel1_bgp_asn                = (known after apply)
      [32m+[0m[0m tunnel1_bgp_holdtime           = (known after apply)
      [32m+[0m[0m tunnel1_cgw_inside_address     = (known after apply)
      [32m+[0m[0m tunnel1_inside_cidr            = (known after apply)
      [32m+[0m[0m tunnel1_inside_ipv6_cidr       = (known after apply)
      [32m+[0m[0m tunnel1_preshared_key          = (sensitive value)
      [32m+[0m[0m tunnel1_vgw_inside_address     = (known after apply)
      [32m+[0m[0m tunnel2_address                = (known after apply)
      [32m+[0m[0m tunnel2_bgp_asn                = (known after apply)
      [32m+[0m[0m tunnel2_bgp_holdtime           = (known after apply)
      [32m+[0m[0m tunnel2_cgw_inside_address     = (known after apply)
      [32m+[0m[0m tunnel2_inside_cidr            = (known after apply)
      [32m+[0m[0m tunnel2_inside_ipv6_cidr       = (known after apply)
      [32m+[0m[0m tunnel2_preshared_key          = (sensitive value)
      [32m+[0m[0m tunnel2_vgw_inside_address     = (known after apply)
      [32m+[0m[0m tunnel_bandwidth               = (known after apply)
      [32m+[0m[0m tunnel_inside_ip_version       = (known after apply)
      [32m+[0m[0m type                           = "ipsec.1"
      [32m+[0m[0m vgw_telemetry                  = (known after apply)
      [32m+[0m[0m vpn_gateway_id                 = (known after apply)

      [32m+[0m[0m tunnel1_log_options (known after apply)

      [32m+[0m[0m tunnel2_log_options (known after apply)
    }

[1m  # module.aws.module.network.aws_vpn_connection_route.oci_route[0m will be created
[0m  [32m+[0m[0m resource "aws_vpn_connection_route" "oci_route" {
      [32m+[0m[0m destination_cidr_block = "10.0.0.0/16"
      [32m+[0m[0m id                     = (known after apply)
      [32m+[0m[0m region                 = "ap-south-1"
      [32m+[0m[0m vpn_connection_id      = (known after apply)
    }

[1m  # module.aws.module.network.aws_vpn_gateway.vgw[0m will be created
[0m  [32m+[0m[0m resource "aws_vpn_gateway" "vgw" {
      [32m+[0m[0m amazon_side_asn = (known after apply)
      [32m+[0m[0m arn             = (known after apply)
      [32m+[0m[0m id              = (known after apply)
      [32m+[0m[0m region          = "ap-south-1"
      [32m+[0m[0m tags            = {
          [32m+[0m[0m "Name" = "VPN Gateway AWS Mumbai"
        }
      [32m+[0m[0m tags_all        = {
          [32m+[0m[0m "Name" = "VPN Gateway AWS Mumbai"
        }
      [32m+[0m[0m vpc_id          = (known after apply)
    }

[1m  # module.oci.module.drg_vcn_attachment.oci_core_drg_attachment.oci_drg_attachment[0m will be created
[0m  [32m+[0m[0m resource "oci_core_drg_attachment" "oci_drg_attachment" {
      [32m+[0m[0m compartment_id                   = (known after apply)
      [32m+[0m[0m defined_tags                     = (known after apply)
      [32m+[0m[0m display_name                     = "OCI VCN - DRG Attachment"
      [32m+[0m[0m drg_id                           = (sensitive value)
      [32m+[0m[0m drg_route_table_id               = (known after apply)
      [32m+[0m[0m export_drg_route_distribution_id = (known after apply)
      [32m+[0m[0m freeform_tags                    = (known after apply)
      [32m+[0m[0m id                               = (known after apply)
      [32m+[0m[0m is_cross_tenancy                 = (known after apply)
      [32m+[0m[0m route_table_id                   = (known after apply)
      [32m+[0m[0m state                            = (known after apply)
      [32m+[0m[0m time_created                     = (known after apply)
      [32m+[0m[0m vcn_id                           = (sensitive value)

      [32m+[0m[0m network_details (known after apply)
    }

[1m  # module.oci.module.oci_drg.data.oci_core_drg_route_tables.default_drg_rt[0m will be read during apply
  # (config refers to values not yet known)
[0m [36m<=[0m[0m data "oci_core_drg_route_tables" "default_drg_rt" {
      [32m+[0m[0m drg_id           = (known after apply)
      [32m+[0m[0m drg_route_tables = (known after apply)
      [32m+[0m[0m id               = (known after apply)
    }

[1m  # module.oci.module.oci_drg.oci_core_drg.oci_drg[0m will be created
[0m  [32m+[0m[0m resource "oci_core_drg" "oci_drg" {
      [32m+[0m[0m compartment_id                           = "ocid1.compartment.oc1..aaaaaaaaoexx4dnbuigdkqj3rpuqdodbf4jjtgvclm3me7bsp7txhas2cvrq"
      [32m+[0m[0m default_drg_route_tables                 = (known after apply)
      [32m+[0m[0m default_export_drg_route_distribution_id = (known after apply)
      [32m+[0m[0m defined_tags                             = (known after apply)
      [32m+[0m[0m display_name                             = "OCI Dynamic Routing Gateway"
      [32m+[0m[0m freeform_tags                            = (known after apply)
      [32m+[0m[0m id                                       = (known after apply)
      [32m+[0m[0m redundancy_status                        = (known after apply)
      [32m+[0m[0m state                                    = (known after apply)
      [32m+[0m[0m time_created                             = (known after apply)
    }

[1m  # module.oci.module.oci_instance.oci_core_instance.app_instance[0m will be created
[0m  [32m+[0m[0m resource "oci_core_instance" "app_instance" {
      [32m+[0m[0m availability_domain                 = "LoLm:AP-MUMBAI-1-AD-1"
      [32m+[0m[0m boot_volume_id                      = (known after apply)
      [32m+[0m[0m capacity_reservation_id             = (known after apply)
      [32m+[0m[0m compartment_id                      = "ocid1.compartment.oc1..aaaaaaaaoexx4dnbuigdkqj3rpuqdodbf4jjtgvclm3me7bsp7txhas2cvrq"
      [32m+[0m[0m compute_cluster_id                  = (known after apply)
      [32m+[0m[0m dedicated_vm_host_id                = (known after apply)
      [32m+[0m[0m defined_tags                        = (known after apply)
      [32m+[0m[0m display_name                        = "App Instance - 1"
      [32m+[0m[0m extended_metadata                   = (known after apply)
      [32m+[0m[0m fault_domain                        = (known after apply)
      [32m+[0m[0m freeform_tags                       = (known after apply)
      [32m+[0m[0m hostname_label                      = (known after apply)
      [32m+[0m[0m id                                  = (known after apply)
      [32m+[0m[0m image                               = (known after apply)
      [32m+[0m[0m instance_configuration_id           = (known after apply)
      [32m+[0m[0m ipxe_script                         = (known after apply)
      [32m+[0m[0m is_ai_enterprise_enabled            = (known after apply)
      [32m+[0m[0m is_cross_numa_node                  = (known after apply)
      [32m+[0m[0m is_pv_encryption_in_transit_enabled = (known after apply)
      [32m+[0m[0m launch_mode                         = (known after apply)
      [32m+[0m[0m metadata                            = {
          [32m+[0m[0m "ssh_authorized_keys" = <<-EOT
                ssh-rsa AAAAB3NzaC1yc2EAAAADAQABAAABAQCzWhL3yERGLo55aaJjtDe2tiYsN+Re7j15to+l9jKTTn4c7soq9oSs2XyMh2mIW4HapgzSoH8WTRBQ8cfXmAuirx4dlQx26XXLGH9bPtuZHIKfKcA5LxXsKIe3lEv7xseB5vNxp4rXuvVGyAHVAmCG5PDHAkyU+h4WJAFM5hOlcX/S6fjBJ0ix3yE0t5Cq9uGgPcICEmsDRsJdqlMltHgCi+EyDJWctWCg4S4PJ/HE0thD6Dm2fPiYQmI5XjXKlovTz6meywv872xBYG0ciCbcWswTqVfOdCv9kftd9y4OEWB9TUjvNpG8NVV7hrX9tCxbZVesWn+3lrjKU1ctKFs3
            EOT
        }
      [32m+[0m[0m private_ip                          = (known after apply)
      [32m+[0m[0m public_ip                           = (known after apply)
      [32m+[0m[0m region                              = (known after apply)
      [32m+[0m[0m security_attributes                 = (known after apply)
      [32m+[0m[0m security_attributes_state           = (known after apply)
      [32m+[0m[0m shape                               = "VM.Standard.E2.1.Micro"
      [32m+[0m[0m state                               = (known after apply)
      [32m+[0m[0m subnet_id                           = (known after apply)
      [32m+[0m[0m system_tags                         = (known after apply)
      [32m+[0m[0m time_created                        = (known after apply)
      [32m+[0m[0m time_maintenance_reboot_due         = (known after apply)

      [32m+[0m[0m agent_config (known after apply)

      [32m+[0m[0m availability_config (known after apply)

      [32m+[0m[0m create_vnic_details {
          [32m+[0m[0m assign_ipv6ip          = (known after apply)
          [32m+[0m[0m assign_public_ip       = "false"
          [32m+[0m[0m defined_tags           = (known after apply)
          [32m+[0m[0m display_name           = (known after apply)
          [32m+[0m[0m freeform_tags          = (known after apply)
          [32m+[0m[0m hostname_label         = (known after apply)
          [32m+[0m[0m nsg_ids                = (known after apply)
          [32m+[0m[0m private_ip             = (known after apply)
          [32m+[0m[0m security_attributes    = (known after apply)
          [32m+[0m[0m skip_source_dest_check = (known after apply)
          [32m+[0m[0m subnet_cidr            = (known after apply)
          [32m+[0m[0m subnet_id              = (sensitive value)
          [32m+[0m[0m vlan_id                = (known after apply)

          [32m+[0m[0m ipv6address_ipv6subnet_cidr_pair_details (known after apply)
        }

      [32m+[0m[0m instance_options (known after apply)

      [32m+[0m[0m launch_options (known after apply)

      [32m+[0m[0m launch_volume_attachments (known after apply)

      [32m+[0m[0m licensing_configs (known after apply)

      [32m+[0m[0m placement_constraint_details (known after apply)

      [32m+[0m[0m platform_config (known after apply)

      [32m+[0m[0m preemptible_instance_config (known after apply)

      [32m+[0m[0m shape_config (known after apply)

      [32m+[0m[0m source_details {
          [32m+[0m[0m boot_volume_size_in_gbs = (known after apply)
          [32m+[0m[0m boot_volume_vpus_per_gb = (known after apply)
          [32m+[0m[0m source_id               = "ocid1.image.oc1.ap-mumbai-1.aaaaaaaabdnvaownbvzsjbucdgnfjdw2phl3fzspv4rgy5y65iwsxme2z6ya"
          [32m+[0m[0m source_type             = "image"

          [32m+[0m[0m instance_source_image_filter_details (known after apply)
        }
    }

[1m  # module.oci.module.oci_ipsec.oci_core_cpe.aws_cpe[0m will be created
[0m  [32m+[0m[0m resource "oci_core_cpe" "aws_cpe" {
      [32m+[0m[0m compartment_id      = "ocid1.compartment.oc1..aaaaaaaaoexx4dnbuigdkqj3rpuqdodbf4jjtgvclm3me7bsp7txhas2cvrq"
      [32m+[0m[0m cpe_device_shape_id = (known after apply)
      [32m+[0m[0m defined_tags        = (known after apply)
      [32m+[0m[0m display_name        = "AWS Customer Premises Equipment"
      [32m+[0m[0m freeform_tags       = (known after apply)
      [32m+[0m[0m id                  = (known after apply)
      [32m+[0m[0m ip_address          = (known after apply)
      [32m+[0m[0m is_private          = (known after apply)
      [32m+[0m[0m time_created        = (known after apply)
    }

[1m  # module.oci.module.oci_ipsec.oci_core_ipsec.aws_to_oci_vpn[0m will be created
[0m  [32m+[0m[0m resource "oci_core_ipsec" "aws_to_oci_vpn" {
      [32m+[0m[0m compartment_id            = "ocid1.compartment.oc1..aaaaaaaaoexx4dnbuigdkqj3rpuqdodbf4jjtgvclm3me7bsp7txhas2cvrq"
      [32m+[0m[0m cpe_id                    = (known after apply)
      [32m+[0m[0m cpe_local_identifier      = (known after apply)
      [32m+[0m[0m cpe_local_identifier_type = (known after apply)
      [32m+[0m[0m defined_tags              = (known after apply)
      [32m+[0m[0m display_name              = "OCI to AWS IPsec VPN Connection"
      [32m+[0m[0m drg_id                    = (sensitive value)
      [32m+[0m[0m freeform_tags             = (known after apply)
      [32m+[0m[0m id                        = (known after apply)
      [32m+[0m[0m state                     = (known after apply)
      [32m+[0m[0m static_routes             = [
          [32m+[0m[0m "192.168.0.0/16",
        ]
      [32m+[0m[0m time_created              = (known after apply)
      [32m+[0m[0m transport_type            = (known after apply)

      [32m+[0m[0m tunnel_configuration (known after apply)
    }

[1m  # module.oci.module.oci_loadbalancer.oci_load_balancer_backend.vm_1_backend_ssh[0m will be created
[0m  [32m+[0m[0m resource "oci_load_balancer_backend" "vm_1_backend_ssh" {
      [32m+[0m[0m backendset_name  = "VM-1-Backend-Set-SSH"
      [32m+[0m[0m backup           = false
      [32m+[0m[0m drain            = (known after apply)
      [32m+[0m[0m id               = (known after apply)
      [32m+[0m[0m ip_address       = (sensitive value)
      [32m+[0m[0m load_balancer_id = (known after apply)
      [32m+[0m[0m max_connections  = (known after apply)
      [32m+[0m[0m name             = (known after apply)
      [32m+[0m[0m offline          = (known after apply)
      [32m+[0m[0m port             = 22
      [32m+[0m[0m state            = (known after apply)
      [32m+[0m[0m weight           = 1
    }

[1m  # module.oci.module.oci_loadbalancer.oci_load_balancer_backend_set.vm_1_backend_set_ssh[0m will be created
[0m  [32m+[0m[0m resource "oci_load_balancer_backend_set" "vm_1_backend_set_ssh" {
      [32m+[0m[0m backend                 = (known after apply)
      [32m+[0m[0m backend_max_connections = (known after apply)
      [32m+[0m[0m id                      = (known after apply)
      [32m+[0m[0m load_balancer_id        = (known after apply)
      [32m+[0m[0m name                    = "VM-1-Backend-Set-SSH"
      [32m+[0m[0m policy                  = "ROUND_ROBIN"
      [32m+[0m[0m state                   = (known after apply)

      [32m+[0m[0m health_checker {
          [32m+[0m[0m interval_ms         = 30000
          [32m+[0m[0m is_force_plain_text = (known after apply)
          [32m+[0m[0m port                = 22
          [32m+[0m[0m protocol            = "TCP"
          [32m+[0m[0m response_body_regex = (known after apply)
          [32m+[0m[0m retries             = 3
          [32m+[0m[0m return_code         = (known after apply)
          [32m+[0m[0m timeout_in_millis   = 3000
          [32m+[0m[0m url_path            = "/"
        }

      [32m+[0m[0m lb_cookie_session_persistence_configuration (known after apply)

      [32m+[0m[0m session_persistence_configuration (known after apply)
    }

[1m  # module.oci.module.oci_loadbalancer.oci_load_balancer_listener.ssh_listener_vm_1[0m will be created
[0m  [32m+[0m[0m resource "oci_load_balancer_listener" "ssh_listener_vm_1" {
      [32m+[0m[0m default_backend_set_name = "VM-1-Backend-Set-SSH"
      [32m+[0m[0m hostname_names           = (known after apply)
      [32m+[0m[0m id                       = (known after apply)
      [32m+[0m[0m load_balancer_id         = (known after apply)
      [32m+[0m[0m name                     = "ssh_listener_vm_1"
      [32m+[0m[0m port                     = 22
      [32m+[0m[0m protocol                 = "TCP"
      [32m+[0m[0m rule_set_names           = (known after apply)
      [32m+[0m[0m state                    = (known after apply)

      [32m+[0m[0m connection_configuration (known after apply)
    }

[1m  # module.oci.module.oci_loadbalancer.oci_load_balancer_load_balancer.public_loadbalancer[0m will be created
[0m  [32m+[0m[0m resource "oci_load_balancer_load_balancer" "public_loadbalancer" {
      [32m+[0m[0m compartment_id               = "ocid1.compartment.oc1..aaaaaaaaoexx4dnbuigdkqj3rpuqdodbf4jjtgvclm3me7bsp7txhas2cvrq"
      [32m+[0m[0m defined_tags                 = (known after apply)
      [32m+[0m[0m display_name                 = "Public Load Balancer"
      [32m+[0m[0m freeform_tags                = (known after apply)
      [32m+[0m[0m id                           = (known after apply)
      [32m+[0m[0m ip_address_details           = (known after apply)
      [32m+[0m[0m ip_addresses                 = (known after apply)
      [32m+[0m[0m ip_mode                      = (known after apply)
      [32m+[0m[0m ipv6subnet_cidr              = (known after apply)
      [32m+[0m[0m is_delete_protection_enabled = (known after apply)
      [32m+[0m[0m is_private                   = false
      [32m+[0m[0m is_request_id_enabled        = (known after apply)
      [32m+[0m[0m request_id_header            = (known after apply)
      [32m+[0m[0m security_attributes          = (known after apply)
      [32m+[0m[0m shape                        = "flexible"
      [32m+[0m[0m state                        = (known after apply)
      [32m+[0m[0m subnet_ids                   = (known after apply)
      [32m+[0m[0m system_tags                  = (known after apply)
      [32m+[0m[0m time_created                 = (known after apply)

      [32m+[0m[0m shape_details {
          [32m+[0m[0m maximum_bandwidth_in_mbps = 10
          [32m+[0m[0m minimum_bandwidth_in_mbps = 10
        }
    }

[1m  # module.oci.module.oci_network.oci_core_internet_gateway.internet_gateway[0m will be created
[0m  [32m+[0m[0m resource "oci_core_internet_gateway" "internet_gateway" {
      [32m+[0m[0m compartment_id = "ocid1.compartment.oc1..aaaaaaaaoexx4dnbuigdkqj3rpuqdodbf4jjtgvclm3me7bsp7txhas2cvrq"
      [32m+[0m[0m defined_tags   = (known after apply)
      [32m+[0m[0m display_name   = "Internet Gateway"
      [32m+[0m[0m enabled        = true
      [32m+[0m[0m freeform_tags  = (known after apply)
      [32m+[0m[0m id             = (known after apply)
      [32m+[0m[0m route_table_id = (known after apply)
      [32m+[0m[0m state          = (known after apply)
      [32m+[0m[0m time_created   = (known after apply)
      [32m+[0m[0m vcn_id         = (known after apply)
    }

[1m  # module.oci.module.oci_network.oci_core_route_table.private_route_table[0m will be created
[0m  [32m+[0m[0m resource "oci_core_route_table" "private_route_table" {
      [32m+[0m[0m compartment_id = "ocid1.compartment.oc1..aaaaaaaaoexx4dnbuigdkqj3rpuqdodbf4jjtgvclm3me7bsp7txhas2cvrq"
      [32m+[0m[0m defined_tags   = (known after apply)
      [32m+[0m[0m display_name   = "Private Route Table"
      [32m+[0m[0m freeform_tags  = (known after apply)
      [32m+[0m[0m id             = (known after apply)
      [32m+[0m[0m state          = (known after apply)
      [32m+[0m[0m time_created   = (known after apply)
      [32m+[0m[0m vcn_id         = (known after apply)

      [32m+[0m[0m route_rules {
          # At least one attribute in this block is (or was) sensitive,
          # so its contents will not be displayed.
        }
    }

[1m  # module.oci.module.oci_network.oci_core_route_table.public_route_table[0m will be created
[0m  [32m+[0m[0m resource "oci_core_route_table" "public_route_table" {
      [32m+[0m[0m compartment_id = "ocid1.compartment.oc1..aaaaaaaaoexx4dnbuigdkqj3rpuqdodbf4jjtgvclm3me7bsp7txhas2cvrq"
      [32m+[0m[0m defined_tags   = (known after apply)
      [32m+[0m[0m display_name   = "Public Route Table"
      [32m+[0m[0m freeform_tags  = (known after apply)
      [32m+[0m[0m id             = (known after apply)
      [32m+[0m[0m state          = (known after apply)
      [32m+[0m[0m time_created   = (known after apply)
      [32m+[0m[0m vcn_id         = (known after apply)

      [32m+[0m[0m route_rules {
          [32m+[0m[0m cidr_block        = (known after apply)
          [32m+[0m[0m description       = (known after apply)
          [32m+[0m[0m destination       = "0.0.0.0/0"
          [32m+[0m[0m destination_type  = "CIDR_BLOCK"
          [32m+[0m[0m network_entity_id = (known after apply)
          [32m+[0m[0m route_type        = (known after apply)
        }
    }

[1m  # module.oci.module.oci_network.oci_core_subnet.private_subnet[0m will be created
[0m  [32m+[0m[0m resource "oci_core_subnet" "private_subnet" {
      [32m+[0m[0m availability_domain        = (known after apply)
      [32m+[0m[0m cidr_block                 = "10.0.1.0/24"
      [32m+[0m[0m compartment_id             = "ocid1.compartment.oc1..aaaaaaaaoexx4dnbuigdkqj3rpuqdodbf4jjtgvclm3me7bsp7txhas2cvrq"
      [32m+[0m[0m defined_tags               = (known after apply)
      [32m+[0m[0m dhcp_options_id            = (known after apply)
      [32m+[0m[0m display_name               = "Private Subnet"
      [32m+[0m[0m dns_label                  = (known after apply)
      [32m+[0m[0m freeform_tags              = (known after apply)
      [32m+[0m[0m id                         = (known after apply)
      [32m+[0m[0m ipv4cidr_blocks            = (known after apply)
      [32m+[0m[0m ipv6cidr_block             = (known after apply)
      [32m+[0m[0m ipv6cidr_blocks            = (known after apply)
      [32m+[0m[0m ipv6virtual_router_ip      = (known after apply)
      [32m+[0m[0m prohibit_internet_ingress  = (known after apply)
      [32m+[0m[0m prohibit_public_ip_on_vnic = true
      [32m+[0m[0m route_table_id             = (known after apply)
      [32m+[0m[0m security_list_ids          = (known after apply)
      [32m+[0m[0m state                      = (known after apply)
      [32m+[0m[0m subnet_domain_name         = (known after apply)
      [32m+[0m[0m time_created               = (known after apply)
      [32m+[0m[0m vcn_id                     = (known after apply)
      [32m+[0m[0m virtual_router_ip          = (known after apply)
      [32m+[0m[0m virtual_router_mac         = (known after apply)
    }

[1m  # module.oci.module.oci_network.oci_core_subnet.public_subnet[0m will be created
[0m  [32m+[0m[0m resource "oci_core_subnet" "public_subnet" {
      [32m+[0m[0m availability_domain        = (known after apply)
      [32m+[0m[0m cidr_block                 = "10.0.0.0/24"
      [32m+[0m[0m compartment_id             = "ocid1.compartment.oc1..aaaaaaaaoexx4dnbuigdkqj3rpuqdodbf4jjtgvclm3me7bsp7txhas2cvrq"
      [32m+[0m[0m defined_tags               = (known after apply)
      [32m+[0m[0m dhcp_options_id            = (known after apply)
      [32m+[0m[0m display_name               = "Public Subnet"
      [32m+[0m[0m dns_label                  = (known after apply)
      [32m+[0m[0m freeform_tags              = (known after apply)
      [32m+[0m[0m id                         = (known after apply)
      [32m+[0m[0m ipv4cidr_blocks            = (known after apply)
      [32m+[0m[0m ipv6cidr_block             = (known after apply)
      [32m+[0m[0m ipv6cidr_blocks            = (known after apply)
      [32m+[0m[0m ipv6virtual_router_ip      = (known after apply)
      [32m+[0m[0m prohibit_internet_ingress  = (known after apply)
      [32m+[0m[0m prohibit_public_ip_on_vnic = (known after apply)
      [32m+[0m[0m route_table_id             = (known after apply)
      [32m+[0m[0m security_list_ids          = (known after apply)
      [32m+[0m[0m state                      = (known after apply)
      [32m+[0m[0m subnet_domain_name         = (known after apply)
      [32m+[0m[0m time_created               = (known after apply)
      [32m+[0m[0m vcn_id                     = (known after apply)
      [32m+[0m[0m virtual_router_ip          = (known after apply)
      [32m+[0m[0m virtual_router_mac         = (known after apply)
    }

[1m  # module.oci.module.oci_network.oci_core_vcn.vcn_oci_mumbai[0m will be created
[0m  [32m+[0m[0m resource "oci_core_vcn" "vcn_oci_mumbai" {
      [32m+[0m[0m byoipv6cidr_blocks               = (known after apply)
      [32m+[0m[0m cidr_block                       = "10.0.0.0/16"
      [32m+[0m[0m cidr_blocks                      = (known after apply)
      [32m+[0m[0m compartment_id                   = "ocid1.compartment.oc1..aaaaaaaaoexx4dnbuigdkqj3rpuqdodbf4jjtgvclm3me7bsp7txhas2cvrq"
      [32m+[0m[0m default_dhcp_options_id          = (known after apply)
      [32m+[0m[0m default_route_table_id           = (known after apply)
      [32m+[0m[0m default_security_list_id         = (known after apply)
      [32m+[0m[0m defined_tags                     = (known after apply)
      [32m+[0m[0m display_name                     = "VCN OCI Mumbai"
      [32m+[0m[0m dns_label                        = (known after apply)
      [32m+[0m[0m freeform_tags                    = (known after apply)
      [32m+[0m[0m id                               = (known after apply)
      [32m+[0m[0m ipv6cidr_blocks                  = (known after apply)
      [32m+[0m[0m ipv6private_cidr_blocks          = (known after apply)
      [32m+[0m[0m is_ipv6enabled                   = (known after apply)
      [32m+[0m[0m is_oracle_gua_allocation_enabled = (known after apply)
      [32m+[0m[0m security_attributes              = (known after apply)
      [32m+[0m[0m state                            = (known after apply)
      [32m+[0m[0m time_created                     = (known after apply)
      [32m+[0m[0m vcn_domain_name                  = (known after apply)

      [32m+[0m[0m byoipv6cidr_details (known after apply)
    }

[1mPlan:[0m [0m31 to add, 0 to change, 0 to destroy.

Changes to Outputs:
  [32m+[0m[0m aws_ec2_instance_private_ip = (known after apply)
  [32m+[0m[0m aws_tunnel_1_outside_ip     = (known after apply)
  [32m+[0m[0m aws_tunnel_2_outside_ip     = (known after apply)
[90m
─────────────────────────────────────────────────────────────────────────────[0m

Note: You didn't use the -out option to save this plan, so Terraform can't
guarantee to take exactly these actions if you run "terraform apply" now.
